
Microsoft Visual Studio Solution File, Format Version 10.00
# Visual C# Express 2008
Project("{FAE04EC0-301F-11D3-BF4B-00C04F79EFBC}") = "nCoffeeScript", "nCoffeeScript\nCoffeeScript.csproj", "{CAA20303-C78D-4328-BD4F-B9B78EB20FD3}"
EndProject
Global
	GlobalSection(SolutionConfigurationPlatforms) = preSolution
		Debug|Any CPU = Debug|Any CPU
		Release|Any CPU = Release|Any CPU
	EndGlobalSection
	GlobalSection(ProjectConfigurationPlatforms) = postSolution
		{CAA20303-C78D-4328-BD4F-B9B78EB20FD3}.Debug|Any CPU.ActiveCfg = Debug|Any CPU
		{CAA20303-C78D-4328-BD4F-B9B78EB20FD3}.Debug|Any CPU.Build.0 = Debug|Any CPU
		{CAA20303-C78D-4328-BD4F-B9B78EB20FD3}.Release|Any CPU.ActiveCfg = Release|Any CPU
		{CAA20303-C78D-4328-BD4F-B9B78EB20FD3}.Release|Any CPU.Build.0 = Release|Any CPU
	EndGlobalSection
	GlobalSection(SolutionProperties) = preSolution
		HideSolutionNode = FALSE
	EndGlobalSection
EndGlobal
